
Microsoft Visual Studio Solution File, Format Version 12.00
# Visual Studio Version 17
VisualStudioVersion = 17.0.32014.148
MinimumVisualStudioVersion = 10.0.40219.1
Project("{9A19103F-16F7-4668-BE54-9A1E7A4F7556}") = "WebAPI", "WebAPI\WebAPI.csproj", "{FD89506B-A419-485E-AE3D-01445271BC1F}"
EndProject
Project("{9A19103F-16F7-4668-BE54-9A1E7A4F7556}") = "Domain", "Domain\Domain.csproj", "{727BAFA1-72B8-4CB0-8909-33D276F2BCCD}"
EndProject
Project("{9A19103F-16F7-4668-BE54-9A1E7A4F7556}") = "Persistence", "Persistence\Persistence.csproj", "{83FE92C2-941F-4DDF-8FE2-A5A20ED70877}"
	ProjectSection(ProjectDependencies) = postProject
		{727BAFA1-72B8-4CB0-8909-33D276F2BCCD} = {727BAFA1-72B8-4CB0-8909-33D276F2BCCD}
	EndProjectSection
EndProject
Project("{9A19103F-16F7-4668-BE54-9A1E7A4F7556}") = "Application", "Application\Application.csproj", "{3F41C49E-1C34-4541-9FC4-9F37E5A8DBAF}"
EndProject
Project("{FAE04EC0-301F-11D3-BF4B-00C04F79EFBC}") = "DAOPersistence", "DAOPersistence\DAOPersistence.csproj", "{5C417437-8519-42B3-986F-DC5FE8E49174}"
EndProject
Global
	GlobalSection(SolutionConfigurationPlatforms) = preSolution
		Debug|Any CPU = Debug|Any CPU
		Release|Any CPU = Release|Any CPU
	EndGlobalSection
	GlobalSection(ProjectConfigurationPlatforms) = postSolution
		{FD89506B-A419-485E-AE3D-01445271BC1F}.Debug|Any CPU.ActiveCfg = Debug|Any CPU
		{FD89506B-A419-485E-AE3D-01445271BC1F}.Debug|Any CPU.Build.0 = Debug|Any CPU
		{FD89506B-A419-485E-AE3D-01445271BC1F}.Release|Any CPU.ActiveCfg = Release|Any CPU
		{FD89506B-A419-485E-AE3D-01445271BC1F}.Release|Any CPU.Build.0 = Release|Any CPU
		{727BAFA1-72B8-4CB0-8909-33D276F2BCCD}.Debug|Any CPU.ActiveCfg = Debug|Any CPU
		{727BAFA1-72B8-4CB0-8909-33D276F2BCCD}.Debug|Any CPU.Build.0 = Debug|Any CPU
		{727BAFA1-72B8-4CB0-8909-33D276F2BCCD}.Release|Any CPU.ActiveCfg = Release|Any CPU
		{727BAFA1-72B8-4CB0-8909-33D276F2BCCD}.Release|Any CPU.Build.0 = Release|Any CPU
		{83FE92C2-941F-4DDF-8FE2-A5A20ED70877}.Debug|Any CPU.ActiveCfg = Debug|Any CPU
		{83FE92C2-941F-4DDF-8FE2-A5A20ED70877}.Debug|Any CPU.Build.0 = Debug|Any CPU
		{83FE92C2-941F-4DDF-8FE2-A5A20ED70877}.Release|Any CPU.ActiveCfg = Release|Any CPU
		{83FE92C2-941F-4DDF-8FE2-A5A20ED70877}.Release|Any CPU.Build.0 = Release|Any CPU
		{3F41C49E-1C34-4541-9FC4-9F37E5A8DBAF}.Debug|Any CPU.ActiveCfg = Debug|Any CPU
		{3F41C49E-1C34-4541-9FC4-9F37E5A8DBAF}.Debug|Any CPU.Build.0 = Debug|Any CPU
		{3F41C49E-1C34-4541-9FC4-9F37E5A8DBAF}.Release|Any CPU.ActiveCfg = Release|Any CPU
		{3F41C49E-1C34-4541-9FC4-9F37E5A8DBAF}.Release|Any CPU.Build.0 = Release|Any CPU
		{5C417437-8519-42B3-986F-DC5FE8E49174}.Debug|Any CPU.ActiveCfg = Debug|Any CPU
		{5C417437-8519-42B3-986F-DC5FE8E49174}.Debug|Any CPU.Build.0 = Debug|Any CPU
		{5C417437-8519-42B3-986F-DC5FE8E49174}.Release|Any CPU.ActiveCfg = Release|Any CPU
		{5C417437-8519-42B3-986F-DC5FE8E49174}.Release|Any CPU.Build.0 = Release|Any CPU
	EndGlobalSection
	GlobalSection(SolutionProperties) = preSolution
		HideSolutionNode = FALSE
	EndGlobalSection
	GlobalSection(ExtensibilityGlobals) = postSolution
		SolutionGuid = {6CA77C54-3DE9-4FCF-BD59-3112228287A4}
	EndGlobalSection
EndGlobal
